// !$*UTF8*$!
{
	archiveVersion = 1;
	classes = {
	};
	objectVersion = 50;
	objects = {

/* Begin PBXBuildFile section */
		42952386257D098C00FE042B /* AppDelegate.swift in Sources */ = {isa = PBXBuildFile; fileRef = 42952385257D098C00FE042B /* AppDelegate.swift */; };
		42952388257D098C00FE042B /* SceneDelegate.swift in Sources */ = {isa = PBXBuildFile; fileRef = 42952387257D098C00FE042B /* SceneDelegate.swift */; };
		4295238D257D098C00FE042B /* Main.storyboard in Resources */ = {isa = PBXBuildFile; fileRef = 4295238B257D098C00FE042B /* Main.storyboard */; };
		42952390257D098C00FE042B /* quizapp.xcdatamodeld in Sources */ = {isa = PBXBuildFile; fileRef = 4295238E257D098C00FE042B /* quizapp.xcdatamodeld */; };
		42952392257D098D00FE042B /* Assets.xcassets in Resources */ = {isa = PBXBuildFile; fileRef = 42952391257D098D00FE042B /* Assets.xcassets */; };
		42952395257D098D00FE042B /* LaunchScreen.storyboard in Resources */ = {isa = PBXBuildFile; fileRef = 42952393257D098D00FE042B /* LaunchScreen.storyboard */; };
		429523A4257D1C0E00FE042B /* quizBrain.swift in Sources */ = {isa = PBXBuildFile; fileRef = 429523A3257D1C0E00FE042B /* quizBrain.swift */; };
		429523A7257D1C9E00FE042B /* tempQuestionModel.swift in Sources */ = {isa = PBXBuildFile; fileRef = 429523A6257D1C9E00FE042B /* tempQuestionModel.swift */; };
		429523AA257D1D8100FE042B /* QuizSettingsModel.swift in Sources */ = {isa = PBXBuildFile; fileRef = 429523A9257D1D8100FE042B /* QuizSettingsModel.swift */; };
		429523AD257D226300FE042B /* StartViewController.swift in Sources */ = {isa = PBXBuildFile; fileRef = 429523AC257D226300FE042B /* StartViewController.swift */; };
		429523C5257D2D3B00FE042B /* QuestionDifficulty+CoreDataClass.swift in Sources */ = {isa = PBXBuildFile; fileRef = 429523C2257D2D3B00FE042B /* QuestionDifficulty+CoreDataClass.swift */; };
		429523C6257D2D3B00FE042B /* Category+CoreDataClass.swift in Sources */ = {isa = PBXBuildFile; fileRef = 429523C3257D2D3B00FE042B /* Category+CoreDataClass.swift */; };
		429523C7257D2D3B00FE042B /* QuestionType+CoreDataClass.swift in Sources */ = {isa = PBXBuildFile; fileRef = 429523C4257D2D3B00FE042B /* QuestionType+CoreDataClass.swift */; };
		429523D0257D634D00FE042B /* StartLaunchViewController.swift in Sources */ = {isa = PBXBuildFile; fileRef = 429523CF257D634D00FE042B /* StartLaunchViewController.swift */; };
		429523D3257D672000FE042B /* QuestionViewController.swift in Sources */ = {isa = PBXBuildFile; fileRef = 429523D2257D672000FE042B /* QuestionViewController.swift */; };
		429523D7257D6E0500FE042B /* extensions.swift in Sources */ = {isa = PBXBuildFile; fileRef = 429523D6257D6E0500FE042B /* extensions.swift */; };
		429523DB257D77B400FE042B /* ResultsViewController.swift in Sources */ = {isa = PBXBuildFile; fileRef = 429523DA257D77B400FE042B /* ResultsViewController.swift */; };
		429523DF257D7D6400FE042B /* ResultQuestionTableViewCell.swift in Sources */ = {isa = PBXBuildFile; fileRef = 429523DE257D7D6400FE042B /* ResultQuestionTableViewCell.swift */; };
		42A669CE257D7FD50074CF69 /* QuestionResult+CoreDataClass.swift in Sources */ = {isa = PBXBuildFile; fileRef = 42A669CC257D7FD50074CF69 /* QuestionResult+CoreDataClass.swift */; };
/* End PBXBuildFile section */

/* Begin PBXFileReference section */
		42952382257D098C00FE042B /* quizapp.app */ = {isa = PBXFileReference; explicitFileType = wrapper.application; includeInIndex = 0; path = quizapp.app; sourceTree = BUILT_PRODUCTS_DIR; };
		42952385257D098C00FE042B /* AppDelegate.swift */ = {isa = PBXFileReference; lastKnownFileType = sourcecode.swift; path = AppDelegate.swift; sourceTree = "<group>"; };
		42952387257D098C00FE042B /* SceneDelegate.swift */ = {isa = PBXFileReference; lastKnownFileType = sourcecode.swift; path = SceneDelegate.swift; sourceTree = "<group>"; };
		4295238C257D098C00FE042B /* Base */ = {isa = PBXFileReference; lastKnownFileType = file.storyboard; name = Base; path = Base.lproj/Main.storyboard; sourceTree = "<group>"; };
		4295238F257D098C00FE042B /* quizapp.xcdatamodel */ = {isa = PBXFileReference; lastKnownFileType = wrapper.xcdatamodel; path = quizapp.xcdatamodel; sourceTree = "<group>"; };
		42952391257D098D00FE042B /* Assets.xcassets */ = {isa = PBXFileReference; lastKnownFileType = folder.assetcatalog; path = Assets.xcassets; sourceTree = "<group>"; };
		42952394257D098D00FE042B /* Base */ = {isa = PBXFileReference; lastKnownFileType = file.storyboard; name = Base; path = Base.lproj/LaunchScreen.storyboard; sourceTree = "<group>"; };
		42952396257D098D00FE042B /* Info.plist */ = {isa = PBXFileReference; lastKnownFileType = text.plist.xml; path = Info.plist; sourceTree = "<group>"; };
		429523A3257D1C0E00FE042B /* quizBrain.swift */ = {isa = PBXFileReference; lastKnownFileType = sourcecode.swift; path = quizBrain.swift; sourceTree = "<group>"; };
		429523A6257D1C9E00FE042B /* tempQuestionModel.swift */ = {isa = PBXFileReference; lastKnownFileType = sourcecode.swift; path = tempQuestionModel.swift; sourceTree = "<group>"; };
		429523A9257D1D8100FE042B /* QuizSettingsModel.swift */ = {isa = PBXFileReference; lastKnownFileType = sourcecode.swift; path = QuizSettingsModel.swift; sourceTree = "<group>"; };
		429523AC257D226300FE042B /* StartViewController.swift */ = {isa = PBXFileReference; lastKnownFileType = sourcecode.swift; path = StartViewController.swift; sourceTree = "<group>"; };
		429523C2257D2D3B00FE042B /* QuestionDifficulty+CoreDataClass.swift */ = {isa = PBXFileReference; fileEncoding = 4; lastKnownFileType = sourcecode.swift; path = "QuestionDifficulty+CoreDataClass.swift"; sourceTree = "<group>"; };
		429523C3257D2D3B00FE042B /* Category+CoreDataClass.swift */ = {isa = PBXFileReference; fileEncoding = 4; lastKnownFileType = sourcecode.swift; path = "Category+CoreDataClass.swift"; sourceTree = "<group>"; };
		429523C4257D2D3B00FE042B /* QuestionType+CoreDataClass.swift */ = {isa = PBXFileReference; fileEncoding = 4; lastKnownFileType = sourcecode.swift; path = "QuestionType+CoreDataClass.swift"; sourceTree = "<group>"; };
		429523CF257D634D00FE042B /* StartLaunchViewController.swift */ = {isa = PBXFileReference; lastKnownFileType = sourcecode.swift; path = StartLaunchViewController.swift; sourceTree = "<group>"; };
		429523D2257D672000FE042B /* QuestionViewController.swift */ = {isa = PBXFileReference; lastKnownFileType = sourcecode.swift; path = QuestionViewController.swift; sourceTree = "<group>"; };
		429523D6257D6E0500FE042B /* extensions.swift */ = {isa = PBXFileReference; lastKnownFileType = sourcecode.swift; path = extensions.swift; sourceTree = "<group>"; };
		429523DA257D77B400FE042B /* ResultsViewController.swift */ = {isa = PBXFileReference; lastKnownFileType = sourcecode.swift; path = ResultsViewController.swift; sourceTree = "<group>"; };
		429523DE257D7D6400FE042B /* ResultQuestionTableViewCell.swift */ = {isa = PBXFileReference; lastKnownFileType = sourcecode.swift; path = ResultQuestionTableViewCell.swift; sourceTree = "<group>"; };
		42A669CC257D7FD50074CF69 /* QuestionResult+CoreDataClass.swift */ = {isa = PBXFileReference; lastKnownFileType = sourcecode.swift; path = "QuestionResult+CoreDataClass.swift"; sourceTree = "<group>"; };
/* End PBXFileReference section */

/* Begin PBXFrameworksBuildPhase section */
		4295237F257D098C00FE042B /* Frameworks */ = {
			isa = PBXFrameworksBuildPhase;
			buildActionMask = 2147483647;
			files = (
			);
			runOnlyForDeploymentPostprocessing = 0;
		};
/* End PBXFrameworksBuildPhase section */

/* Begin PBXGroup section */
		42952379257D098C00FE042B = {
			isa = PBXGroup;
			children = (
				42952384257D098C00FE042B /* quizapp */,
				42952383257D098C00FE042B /* Products */,
			);
			sourceTree = "<group>";
		};
		42952383257D098C00FE042B /* Products */ = {
			isa = PBXGroup;
			children = (
				42952382257D098C00FE042B /* quizapp.app */,
			);
			name = Products;
			sourceTree = "<group>";
		};
		42952384257D098C00FE042B /* quizapp */ = {
			isa = PBXGroup;
			children = (
				429523A1257D1A3B00FE042B /* Model */,
				4295239F257D1A2200FE042B /* Controllers */,
				4295239D257D09A600FE042B /* StartScreen */,
				42952385257D098C00FE042B /* AppDelegate.swift */,
				42952387257D098C00FE042B /* SceneDelegate.swift */,
				42952391257D098D00FE042B /* Assets.xcassets */,
				42952393257D098D00FE042B /* LaunchScreen.storyboard */,
				42952396257D098D00FE042B /* Info.plist */,
				4295238E257D098C00FE042B /* quizapp.xcdatamodeld */,
			);
			path = quizapp;
			sourceTree = "<group>";
		};
		4295239D257D09A600FE042B /* StartScreen */ = {
			isa = PBXGroup;
			children = (
				4295238B257D098C00FE042B /* Main.storyboard */,
			);
			path = StartScreen;
			sourceTree = "<group>";
		};
		4295239F257D1A2200FE042B /* Controllers */ = {
			isa = PBXGroup;
			children = (
				429523AC257D226300FE042B /* StartViewController.swift */,
				429523CF257D634D00FE042B /* StartLaunchViewController.swift */,
				429523D2257D672000FE042B /* QuestionViewController.swift */,
				429523DA257D77B400FE042B /* ResultsViewController.swift */,
				429523DE257D7D6400FE042B /* ResultQuestionTableViewCell.swift */,
			);
			path = Controllers;
			sourceTree = "<group>";
		};
		429523A1257D1A3B00FE042B /* Model */ = {
			isa = PBXGroup;
			children = (
				429523C1257D2D3B00FE042B /* CoreDataModels */,
				429523A3257D1C0E00FE042B /* quizBrain.swift */,
				429523A6257D1C9E00FE042B /* tempQuestionModel.swift */,
				429523A9257D1D8100FE042B /* QuizSettingsModel.swift */,
				429523D6257D6E0500FE042B /* extensions.swift */,
			);
			path = Model;
			sourceTree = "<group>";
		};
		429523C1257D2D3B00FE042B /* CoreDataModels */ = {
			isa = PBXGroup;
			children = (
				42A669CC257D7FD50074CF69 /* QuestionResult+CoreDataClass.swift */,
				429523C2257D2D3B00FE042B /* QuestionDifficulty+CoreDataClass.swift */,
				429523C3257D2D3B00FE042B /* Category+CoreDataClass.swift */,
				429523C4257D2D3B00FE042B /* QuestionType+CoreDataClass.swift */,
			);
			path = CoreDataModels;
			sourceTree = "<group>";
		};
/* End PBXGroup section */

/* Begin PBXNativeTarget section */
		42952381257D098C00FE042B /* quizapp */ = {
			isa = PBXNativeTarget;
			buildConfigurationList = 42952399257D098D00FE042B /* Build configuration list for PBXNativeTarget "quizapp" */;
			buildPhases = (
				4295237E257D098C00FE042B /* Sources */,
				4295237F257D098C00FE042B /* Frameworks */,
				42952380257D098C00FE042B /* Resources */,
			);
			buildRules = (
			);
			dependencies = (
			);
			name = quizapp;
			productName = quizapp;
			productReference = 42952382257D098C00FE042B /* quizapp.app */;
			productType = "com.apple.product-type.application";
		};
/* End PBXNativeTarget section */

/* Begin PBXProject section */
		4295237A257D098C00FE042B /* Project object */ = {
			isa = PBXProject;
			attributes = {
				LastSwiftUpdateCheck = 1220;
				LastUpgradeCheck = 1220;
				TargetAttributes = {
					42952381257D098C00FE042B = {
						CreatedOnToolsVersion = 12.2;
					};
				};
			};
			buildConfigurationList = 4295237D257D098C00FE042B /* Build configuration list for PBXProject "quizapp" */;
			compatibilityVersion = "Xcode 9.3";
			developmentRegion = en;
			hasScannedForEncodings = 0;
			knownRegions = (
				en,
				Base,
			);
			mainGroup = 42952379257D098C00FE042B;
			productRefGroup = 42952383257D098C00FE042B /* Products */;
			projectDirPath = "";
			projectRoot = "";
			targets = (
				42952381257D098C00FE042B /* quizapp */,
			);
		};
/* End PBXProject section */

/* Begin PBXResourcesBuildPhase section */
		42952380257D098C00FE042B /* Resources */ = {
			isa = PBXResourcesBuildPhase;
			buildActionMask = 2147483647;
			files = (
				42952395257D098D00FE042B /* LaunchScreen.storyboard in Resources */,
				42952392257D098D00FE042B /* Assets.xcassets in Resources */,
				4295238D257D098C00FE042B /* Main.storyboard in Resources */,
			);
			runOnlyForDeploymentPostprocessing = 0;
		};
/* End PBXResourcesBuildPhase section */

/* Begin PBXSourcesBuildPhase section */
		4295237E257D098C00FE042B /* Sources */ = {
			isa = PBXSourcesBuildPhase;
			buildActionMask = 2147483647;
			files = (
				429523C6257D2D3B00FE042B /* Category+CoreDataClass.swift in Sources */,
				429523A7257D1C9E00FE042B /* tempQuestionModel.swift in Sources */,
				429523D3257D672000FE042B /* QuestionViewController.swift in Sources */,
				429523DB257D77B400FE042B /* ResultsViewController.swift in Sources */,
				429523D0257D634D00FE042B /* StartLaunchViewController.swift in Sources */,
				429523DF257D7D6400FE042B /* ResultQuestionTableViewCell.swift in Sources */,
				429523AD257D226300FE042B /* StartViewController.swift in Sources */,
				429523AA257D1D8100FE042B /* QuizSettingsModel.swift in Sources */,
				42A669CE257D7FD50074CF69 /* QuestionResult+CoreDataClass.swift in Sources */,
				429523C5257D2D3B00FE042B /* QuestionDifficulty+CoreDataClass.swift in Sources */,
				429523D7257D6E0500FE042B /* extensions.swift in Sources */,
				42952386257D098C00FE042B /* AppDelegate.swift in Sources */,
				429523C7257D2D3B00FE042B /* QuestionType+CoreDataClass.swift in Sources */,
				42952390257D098C00FE042B /* quizapp.xcdatamodeld in Sources */,
				42952388257D098C00FE042B /* SceneDelegate.swift in Sources */,
				429523A4257D1C0E00FE042B /* quizBrain.swift in Sources */,
			);
			runOnlyForDeploymentPostprocessing = 0;
		};
/* End PBXSourcesBuildPhase section */

/* Begin PBXVariantGroup section */
		4295238B257D098C00FE042B /* Main.storyboard */ = {
			isa = PBXVariantGroup;
			children = (
				4295238C257D098C00FE042B /* Base */,
			);
			name = Main.storyboard;
			sourceTree = "<group>";
		};
		42952393257D098D00FE042B /* LaunchScreen.storyboard */ = {
			isa = PBXVariantGroup;
			children = (
				42952394257D098D00FE042B /* Base */,
			);
			name = LaunchScreen.storyboard;
			sourceTree = "<group>";
		};
/* End PBXVariantGroup section */

/* Begin XCBuildConfiguration section */
		42952397257D098D00FE042B /* Debug */ = {
			isa = XCBuildConfiguration;
			buildSettings = {
				ALWAYS_SEARCH_USER_PATHS = NO;
				CLANG_ANALYZER_NONNULL = YES;
				CLANG_ANALYZER_NUMBER_OBJECT_CONVERSION = YES_AGGRESSIVE;
				CLANG_CXX_LANGUAGE_STANDARD = "gnu++14";
				CLANG_CXX_LIBRARY = "libc++";
				CLANG_ENABLE_MODULES = YES;
				CLANG_ENABLE_OBJC_ARC = YES;
				CLANG_ENABLE_OBJC_WEAK = YES;
				CLANG_WARN_BLOCK_CAPTURE_AUTORELEASING = YES;
				CLANG_WARN_BOOL_CONVERSION = YES;
				CLANG_WARN_COMMA = YES;
				CLANG_WARN_CONSTANT_CONVERSION = YES;
				CLANG_WARN_DEPRECATED_OBJC_IMPLEMENTATIONS = YES;
				CLANG_WARN_DIRECT_OBJC_ISA_USAGE = YES_ERROR;
				CLANG_WARN_DOCUMENTATION_COMMENTS = YES;
				CLANG_WARN_EMPTY_BODY = YES;
				CLANG_WARN_ENUM_CONVERSION = YES;
				CLANG_WARN_INFINITE_RECURSION = YES;
				CLANG_WARN_INT_CONVERSION = YES;
				CLANG_WARN_NON_LITERAL_NULL_CONVERSION = YES;
				CLANG_WARN_OBJC_IMPLICIT_RETAIN_SELF = YES;
				CLANG_WARN_OBJC_LITERAL_CONVERSION = YES;
				CLANG_WARN_OBJC_ROOT_CLASS = YES_ERROR;
				CLANG_WARN_QUOTED_INCLUDE_IN_FRAMEWORK_HEADER = YES;
				CLANG_WARN_RANGE_LOOP_ANALYSIS = YES;
				CLANG_WARN_STRICT_PROTOTYPES = YES;
				CLANG_WARN_SUSPICIOUS_MOVE = YES;
				CLANG_WARN_UNGUARDED_AVAILABILITY = YES_AGGRESSIVE;
				CLANG_WARN_UNREACHABLE_CODE = YES;
				CLANG_WARN__DUPLICATE_METHOD_MATCH = YES;
				COPY_PHASE_STRIP = NO;
				DEBUG_INFORMATION_FORMAT = dwarf;
				ENABLE_STRICT_OBJC_MSGSEND = YES;
				ENABLE_TESTABILITY = YES;
				GCC_C_LANGUAGE_STANDARD = gnu11;
				GCC_DYNAMIC_NO_PIC = NO;
				GCC_NO_COMMON_BLOCKS = YES;
				GCC_OPTIMIZATION_LEVEL = 0;
				GCC_PREPROCESSOR_DEFINITIONS = (
					"DEBUG=1",
					"$(inherited)",
				);
				GCC_WARN_64_TO_32_BIT_CONVERSION = YES;
				GCC_WARN_ABOUT_RETURN_TYPE = YES_ERROR;
				GCC_WARN_UNDECLARED_SELECTOR = YES;
				GCC_WARN_UNINITIALIZED_AUTOS = YES_AGGRESSIVE;
				GCC_WARN_UNUSED_FUNCTION = YES;
				GCC_WARN_UNUSED_VARIABLE = YES;
				IPHONEOS_DEPLOYMENT_TARGET = 14.2;
				MTL_ENABLE_DEBUG_INFO = INCLUDE_SOURCE;
				MTL_FAST_MATH = YES;
				ONLY_ACTIVE_ARCH = YES;
				SDKROOT = iphoneos;
				SWIFT_ACTIVE_COMPILATION_CONDITIONS = DEBUG;
				SWIFT_OPTIMIZATION_LEVEL = "-Onone";
			};
			name = Debug;
		};
		42952398257D098D00FE042B /* Release */ = {
			isa = XCBuildConfiguration;
			buildSettings = {
				ALWAYS_SEARCH_USER_PATHS = NO;
				CLANG_ANALYZER_NONNULL = YES;
				CLANG_ANALYZER_NUMBER_OBJECT_CONVERSION = YES_AGGRESSIVE;
				CLANG_CXX_LANGUAGE_STANDARD = "gnu++14";
				CLANG_CXX_LIBRARY = "libc++";
				CLANG_ENABLE_MODULES = YES;
				CLANG_ENABLE_OBJC_ARC = YES;
				CLANG_ENABLE_OBJC_WEAK = YES;
				CLANG_WARN_BLOCK_CAPTURE_AUTORELEASING = YES;
				CLANG_WARN_BOOL_CONVERSION = YES;
				CLANG_WARN_COMMA = YES;
				CLANG_WARN_CONSTANT_CONVERSION = YES;
				CLANG_WARN_DEPRECATED_OBJC_IMPLEMENTATIONS = YES;
				CLANG_WARN_DIRECT_OBJC_ISA_USAGE = YES_ERROR;
				CLANG_WARN_DOCUMENTATION_COMMENTS = YES;
				CLANG_WARN_EMPTY_BODY = YES;
				CLANG_WARN_ENUM_CONVERSION = YES;
				CLANG_WARN_INFINITE_RECURSION = YES;
				CLANG_WARN_INT_CONVERSION = YES;
				CLANG_WARN_NON_LITERAL_NULL_CONVERSION = YES;
				CLANG_WARN_OBJC_IMPLICIT_RETAIN_SELF = YES;
				CLANG_WARN_OBJC_LITERAL_CONVERSION = YES;
				CLANG_WARN_OBJC_ROOT_CLASS = YES_ERROR;
				CLANG_WARN_QUOTED_INCLUDE_IN_FRAMEWORK_HEADER = YES;
				CLANG_WARN_RANGE_LOOP_ANALYSIS = YES;
				CLANG_WARN_STRICT_PROTOTYPES = YES;
				CLANG_WARN_SUSPICIOUS_MOVE = YES;
				CLANG_WARN_UNGUARDED_AVAILABILITY = YES_AGGRESSIVE;
				CLANG_WARN_UNREACHABLE_CODE = YES;
				CLANG_WARN__DUPLICATE_METHOD_MATCH = YES;
				COPY_PHASE_STRIP = NO;
				DEBUG_INFORMATION_FORMAT = "dwarf-with-dsym";
				ENABLE_NS_ASSERTIONS = NO;
				ENABLE_STRICT_OBJC_MSGSEND = YES;
				GCC_C_LANGUAGE_STANDARD = gnu11;
				GCC_NO_COMMON_BLOCKS = YES;
				GCC_WARN_64_TO_32_BIT_CONVERSION = YES;
				GCC_WARN_ABOUT_RETURN_TYPE = YES_ERROR;
				GCC_WARN_UNDECLARED_SELECTOR = YES;
				GCC_WARN_UNINITIALIZED_AUTOS = YES_AGGRESSIVE;
				GCC_WARN_UNUSED_FUNCTION = YES;
				GCC_WARN_UNUSED_VARIABLE = YES;
				IPHONEOS_DEPLOYMENT_TARGET = 14.2;
				MTL_ENABLE_DEBUG_INFO = NO;
				MTL_FAST_MATH = YES;
				SDKROOT = iphoneos;
				SWIFT_COMPILATION_MODE = wholemodule;
				SWIFT_OPTIMIZATION_LEVEL = "-O";
				VALIDATE_PRODUCT = YES;
			};
			name = Release;
		};
		4295239A257D098D00FE042B /* Debug */ = {
			isa = XCBuildConfiguration;
			buildSettings = {
				ASSETCATALOG_COMPILER_APPICON_NAME = AppIcon;
				ASSETCATALOG_COMPILER_GLOBAL_ACCENT_COLOR_NAME = AccentColor;
				CODE_SIGN_STYLE = Automatic;
				DEVELOPMENT_TEAM = 27JQQZ7A92;
				INFOPLIST_FILE = quizapp/Info.plist;
				IPHONEOS_DEPLOYMENT_TARGET = 14.0;
				LD_RUNPATH_SEARCH_PATHS = (
					"$(inherited)",
					"@executable_path/Frameworks",
				);
				PRODUCT_BUNDLE_IDENTIFIER = com.tif.quizapp;
				PRODUCT_NAME = "$(TARGET_NAME)";
				SWIFT_VERSION = 5.0;
				TARGETED_DEVICE_FAMILY = 1;
			};
			name = Debug;
		};
		4295239B257D098D00FE042B /* Release */ = {
			isa = XCBuildConfiguration;
			buildSettings = {
				ASSETCATALOG_COMPILER_APPICON_NAME = AppIcon;
				ASSETCATALOG_COMPILER_GLOBAL_ACCENT_COLOR_NAME = AccentColor;
				CODE_SIGN_STYLE = Automatic;
				DEVELOPMENT_TEAM = 27JQQZ7A92;
				INFOPLIST_FILE = quizapp/Info.plist;
				IPHONEOS_DEPLOYMENT_TARGET = 14.0;
				LD_RUNPATH_SEARCH_PATHS = (
					"$(inherited)",
					"@executable_path/Frameworks",
				);
				PRODUCT_BUNDLE_IDENTIFIER = com.tif.quizapp;
				PRODUCT_NAME = "$(TARGET_NAME)";
				SWIFT_VERSION = 5.0;
				TARGETED_DEVICE_FAMILY = 1;
			};
			name = Release;
		};
/* End XCBuildConfiguration section */

/* Begin XCConfigurationList section */
		4295237D257D098C00FE042B /* Build configuration list for PBXProject "quizapp" */ = {
			isa = XCConfigurationList;
			buildConfigurations = (
				42952397257D098D00FE042B /* Debug */,
				42952398257D098D00FE042B /* Release */,
			);
			defaultConfigurationIsVisible = 0;
			defaultConfigurationName = Release;
		};
		42952399257D098D00FE042B /* Build configuration list for PBXNativeTarget "quizapp" */ = {
			isa = XCConfigurationList;
			buildConfigurations = (
				4295239A257D098D00FE042B /* Debug */,
				4295239B257D098D00FE042B /* Release */,
			);
			defaultConfigurationIsVisible = 0;
			defaultConfigurationName = Release;
		};
/* End XCConfigurationList section */

/* Begin XCVersionGroup section */
		4295238E257D098C00FE042B /* quizapp.xcdatamodeld */ = {
			isa = XCVersionGroup;
			children = (
				4295238F257D098C00FE042B /* quizapp.xcdatamodel */,
			);
			currentVersion = 4295238F257D098C00FE042B /* quizapp.xcdatamodel */;
			path = quizapp.xcdatamodeld;
			sourceTree = "<group>";
			versionGroupType = wrapper.xcdatamodel;
		};
/* End XCVersionGroup section */
	};
	rootObject = 4295237A257D098C00FE042B /* Project object */;
}
